
Microsoft Visual Studio Solution File, Format Version 12.00
# Visual Studio Version 16
VisualStudioVersion = 16.0.31105.61
MinimumVisualStudioVersion = 10.0.40219.1
Project("{FAE04EC0-301F-11D3-BF4B-00C04F79EFBC}") = "Salud.Web.App", "Salud.Web.App.csproj", "{13036AD4-7015-4A47-BB4B-26026CC25074}"
EndProject
Global
	GlobalSection(SolutionConfigurationPlatforms) = preSolution
		Debug|Any CPU = Debug|Any CPU
		Release|Any CPU = Release|Any CPU
	EndGlobalSection
	GlobalSection(ProjectConfigurationPlatforms) = postSolution
		{13036AD4-7015-4A47-BB4B-26026CC25074}.Debug|Any CPU.ActiveCfg = Debug|Any CPU
		{13036AD4-7015-4A47-BB4B-26026CC25074}.Debug|Any CPU.Build.0 = Debug|Any CPU
		{13036AD4-7015-4A47-BB4B-26026CC25074}.Release|Any CPU.ActiveCfg = Release|Any CPU
		{13036AD4-7015-4A47-BB4B-26026CC25074}.Release|Any CPU.Build.0 = Release|Any CPU
	EndGlobalSection
	GlobalSection(SolutionProperties) = preSolution
		HideSolutionNode = FALSE
	EndGlobalSection
	GlobalSection(ExtensibilityGlobals) = postSolution
		SolutionGuid = {D43D115A-939C-445A-9CA7-B28301AABBAF}
	EndGlobalSection
EndGlobal
